
Microsoft Visual Studio Solution File, Format Version 12.00
# Visual Studio Version 16
VisualStudioVersion = 16.0.30413.136
MinimumVisualStudioVersion = 10.0.40219.1
Project("{FAE04EC0-301F-11D3-BF4B-00C04F79EFBC}") = "InputManagement", "InputManagement\InputManagement.csproj", "{EFA9C6B9-12D4-458E-A5A8-89A28A33CEC0}"
EndProject
Project("{FAE04EC0-301F-11D3-BF4B-00C04F79EFBC}") = "BusinessData", "BusinessData\BusinessData.csproj", "{A3287075-EC66-460F-970D-9DA89E98FBB9}"
EndProject
Project("{FAE04EC0-301F-11D3-BF4B-00C04F79EFBC}") = "Input", "Input\Input\Input.csproj", "{CCE11712-9181-4DA7-B608-17BF9732C467}"
EndProject
Project("{FAE04EC0-301F-11D3-BF4B-00C04F79EFBC}") = "Login", "Login\Login.csproj", "{4A583F69-45BD-4727-B219-01373A5AAF6A}"
EndProject
Project("{FAE04EC0-301F-11D3-BF4B-00C04F79EFBC}") = "CommonClassLibrary", "..\..\..\CommonClassLibrary\CommonClassLibrary\CommonClassLibrary.csproj", "{CF191309-162C-4E7E-A4B7-9C1E040AB4A3}"
EndProject
Global
	GlobalSection(SolutionConfigurationPlatforms) = preSolution
		Debug|Any CPU = Debug|Any CPU
		Release|Any CPU = Release|Any CPU
	EndGlobalSection
	GlobalSection(ProjectConfigurationPlatforms) = postSolution
		{EFA9C6B9-12D4-458E-A5A8-89A28A33CEC0}.Debug|Any CPU.ActiveCfg = Debug|Any CPU
		{EFA9C6B9-12D4-458E-A5A8-89A28A33CEC0}.Debug|Any CPU.Build.0 = Debug|Any CPU
		{EFA9C6B9-12D4-458E-A5A8-89A28A33CEC0}.Release|Any CPU.ActiveCfg = Release|Any CPU
		{EFA9C6B9-12D4-458E-A5A8-89A28A33CEC0}.Release|Any CPU.Build.0 = Release|Any CPU
		{A3287075-EC66-460F-970D-9DA89E98FBB9}.Debug|Any CPU.ActiveCfg = Debug|Any CPU
		{A3287075-EC66-460F-970D-9DA89E98FBB9}.Debug|Any CPU.Build.0 = Debug|Any CPU
		{A3287075-EC66-460F-970D-9DA89E98FBB9}.Release|Any CPU.ActiveCfg = Release|Any CPU
		{A3287075-EC66-460F-970D-9DA89E98FBB9}.Release|Any CPU.Build.0 = Release|Any CPU
		{CCE11712-9181-4DA7-B608-17BF9732C467}.Debug|Any CPU.ActiveCfg = Debug|Any CPU
		{CCE11712-9181-4DA7-B608-17BF9732C467}.Debug|Any CPU.Build.0 = Debug|Any CPU
		{CCE11712-9181-4DA7-B608-17BF9732C467}.Release|Any CPU.ActiveCfg = Release|Any CPU
		{CCE11712-9181-4DA7-B608-17BF9732C467}.Release|Any CPU.Build.0 = Release|Any CPU
		{4A583F69-45BD-4727-B219-01373A5AAF6A}.Debug|Any CPU.ActiveCfg = Debug|Any CPU
		{4A583F69-45BD-4727-B219-01373A5AAF6A}.Debug|Any CPU.Build.0 = Debug|Any CPU
		{4A583F69-45BD-4727-B219-01373A5AAF6A}.Release|Any CPU.ActiveCfg = Release|Any CPU
		{4A583F69-45BD-4727-B219-01373A5AAF6A}.Release|Any CPU.Build.0 = Release|Any CPU
		{CF191309-162C-4E7E-A4B7-9C1E040AB4A3}.Debug|Any CPU.ActiveCfg = Debug|Any CPU
		{CF191309-162C-4E7E-A4B7-9C1E040AB4A3}.Debug|Any CPU.Build.0 = Debug|Any CPU
		{CF191309-162C-4E7E-A4B7-9C1E040AB4A3}.Release|Any CPU.ActiveCfg = Release|Any CPU
		{CF191309-162C-4E7E-A4B7-9C1E040AB4A3}.Release|Any CPU.Build.0 = Release|Any CPU
	EndGlobalSection
	GlobalSection(SolutionProperties) = preSolution
		HideSolutionNode = FALSE
	EndGlobalSection
	GlobalSection(ExtensibilityGlobals) = postSolution
		SolutionGuid = {8E488B98-5DD2-43C9-A0D6-110A5C10FD4E}
	EndGlobalSection
EndGlobal
